// !$*UTF8*$!
{
	archiveVersion = 1;
	classes = {
	};
	objectVersion = 56;
	objects = {

/* Begin PBXBuildFile section */
		3B87A0B6B693ADB426C8255B /* Pods_DavidWeeCodeChallenge_DavidWeeCodeChallengeUITests.framework in Frameworks */ = {isa = PBXBuildFile; fileRef = F2C4D3CA3911DEFDC0E7AEEF /* Pods_DavidWeeCodeChallenge_DavidWeeCodeChallengeUITests.framework */; };
		85B9A6A8D6BD8C312DA2D6C3 /* Pods_DavidWeeCodeChallengeTests.framework in Frameworks */ = {isa = PBXBuildFile; fileRef = 11FE38ADB7A7721A9B32E3EF /* Pods_DavidWeeCodeChallengeTests.framework */; };
		86D7D7302B961FBA007C4E26 /* String+.swift in Sources */ = {isa = PBXBuildFile; fileRef = 86D7D72F2B961FBA007C4E26 /* String+.swift */; };
		86D7D7322B962507007C4E26 /* View+.swift in Sources */ = {isa = PBXBuildFile; fileRef = 86D7D7312B962507007C4E26 /* View+.swift */; };
		86D7D7352B963B52007C4E26 /* NetworkMock.swift in Sources */ = {isa = PBXBuildFile; fileRef = 86D7D7342B963B52007C4E26 /* NetworkMock.swift */; };
		86D7D7382B963BA1007C4E26 /* image_list_success.json in Resources */ = {isa = PBXBuildFile; fileRef = 86D7D7372B963BA1007C4E26 /* image_list_success.json */; };
		86D7D73A2B963BB1007C4E26 /* image_list_empty.json in Resources */ = {isa = PBXBuildFile; fileRef = 86D7D7392B963BB1007C4E26 /* image_list_empty.json */; };
		86D7D73C2B963BC0007C4E26 /* image_list_failure.json in Resources */ = {isa = PBXBuildFile; fileRef = 86D7D73B2B963BC0007C4E26 /* image_list_failure.json */; };
		86D83FFE2B92525A002BB44D /* DavidWeeCodeChallengeApp.swift in Sources */ = {isa = PBXBuildFile; fileRef = 86D83FFD2B92525A002BB44D /* DavidWeeCodeChallengeApp.swift */; };
		86D840022B92525C002BB44D /* Assets.xcassets in Resources */ = {isa = PBXBuildFile; fileRef = 86D840012B92525C002BB44D /* Assets.xcassets */; };
		86D840052B92525C002BB44D /* Preview Assets.xcassets in Resources */ = {isa = PBXBuildFile; fileRef = 86D840042B92525C002BB44D /* Preview Assets.xcassets */; };
		86D8400F2B92525D002BB44D /* DavidWeeCodeChallengeTests.swift in Sources */ = {isa = PBXBuildFile; fileRef = 86D8400E2B92525D002BB44D /* DavidWeeCodeChallengeTests.swift */; };
		86D840192B92525D002BB44D /* DavidWeeCodeChallengeUITests.swift in Sources */ = {isa = PBXBuildFile; fileRef = 86D840182B92525D002BB44D /* DavidWeeCodeChallengeUITests.swift */; };
		86D8401B2B92525D002BB44D /* DavidWeeCodeChallengeUITestsLaunchTests.swift in Sources */ = {isa = PBXBuildFile; fileRef = 86D8401A2B92525D002BB44D /* DavidWeeCodeChallengeUITestsLaunchTests.swift */; };
		86D840292B925290002BB44D /* Network.swift in Sources */ = {isa = PBXBuildFile; fileRef = 86D840282B925290002BB44D /* Network.swift */; };
		86D8402C2B9252BB002BB44D /* Endpoint.swift in Sources */ = {isa = PBXBuildFile; fileRef = 86D8402B2B9252BB002BB44D /* Endpoint.swift */; };
		86D8402E2B9252E0002BB44D /* ImageEndpoint.swift in Sources */ = {isa = PBXBuildFile; fileRef = 86D8402D2B9252E0002BB44D /* ImageEndpoint.swift */; };
		86D840312B9254B7002BB44D /* Strings.swift in Sources */ = {isa = PBXBuildFile; fileRef = 86D840302B9254B7002BB44D /* Strings.swift */; };
		86D840332B9254F5002BB44D /* SearchImageViewModel.swift in Sources */ = {isa = PBXBuildFile; fileRef = 86D840322B9254F5002BB44D /* SearchImageViewModel.swift */; };
		86D840362B925519002BB44D /* SearchImageView.swift in Sources */ = {isa = PBXBuildFile; fileRef = 86D840352B925519002BB44D /* SearchImageView.swift */; };
		86D840392B925819002BB44D /* SearchImage.swift in Sources */ = {isa = PBXBuildFile; fileRef = 86D840382B925819002BB44D /* SearchImage.swift */; };
		86D8403B2B92596C002BB44D /* Media.swift in Sources */ = {isa = PBXBuildFile; fileRef = 86D8403A2B92596C002BB44D /* Media.swift */; };
		86D8403D2B92C31F002BB44D /* FailableDecoadableArray.swift in Sources */ = {isa = PBXBuildFile; fileRef = 86D8403C2B92C31F002BB44D /* FailableDecoadableArray.swift */; };
		86D8403F2B92C61B002BB44D /* ViewModifiers.swift in Sources */ = {isa = PBXBuildFile; fileRef = 86D8403E2B92C61B002BB44D /* ViewModifiers.swift */; };
		86D840442B95098B002BB44D /* ImageDetailView.swift in Sources */ = {isa = PBXBuildFile; fileRef = 86D840432B95098B002BB44D /* ImageDetailView.swift */; };
		93C556C5E319E1ABDAFC289D /* Pods_DavidWeeCodeChallenge.framework in Frameworks */ = {isa = PBXBuildFile; fileRef = 1AF9BC1A98A6D344A7C2FE7A /* Pods_DavidWeeCodeChallenge.framework */; };
/* End PBXBuildFile section */

/* Begin PBXContainerItemProxy section */
		86D8400B2B92525D002BB44D /* PBXContainerItemProxy */ = {
			isa = PBXContainerItemProxy;
			containerPortal = 86D83FF22B92525A002BB44D /* Project object */;
			proxyType = 1;
			remoteGlobalIDString = 86D83FF92B92525A002BB44D;
			remoteInfo = DavidWeeCodeChallenge;
		};
		86D840152B92525D002BB44D /* PBXContainerItemProxy */ = {
			isa = PBXContainerItemProxy;
			containerPortal = 86D83FF22B92525A002BB44D /* Project object */;
			proxyType = 1;
			remoteGlobalIDString = 86D83FF92B92525A002BB44D;
			remoteInfo = DavidWeeCodeChallenge;
		};
/* End PBXContainerItemProxy section */

/* Begin PBXFileReference section */
		11FE38ADB7A7721A9B32E3EF /* Pods_DavidWeeCodeChallengeTests.framework */ = {isa = PBXFileReference; explicitFileType = wrapper.framework; includeInIndex = 0; path = Pods_DavidWeeCodeChallengeTests.framework; sourceTree = BUILT_PRODUCTS_DIR; };
		1AF9BC1A98A6D344A7C2FE7A /* Pods_DavidWeeCodeChallenge.framework */ = {isa = PBXFileReference; explicitFileType = wrapper.framework; includeInIndex = 0; path = Pods_DavidWeeCodeChallenge.framework; sourceTree = BUILT_PRODUCTS_DIR; };
		2B58FB4EBA1409272DDCBB4A /* Pods-DavidWeeCodeChallengeTests.debug.xcconfig */ = {isa = PBXFileReference; includeInIndex = 1; lastKnownFileType = text.xcconfig; name = "Pods-DavidWeeCodeChallengeTests.debug.xcconfig"; path = "Target Support Files/Pods-DavidWeeCodeChallengeTests/Pods-DavidWeeCodeChallengeTests.debug.xcconfig"; sourceTree = "<group>"; };
		2FDA1DC28E7ECFAF6FCB9748 /* Pods-DavidWeeCodeChallenge-DavidWeeCodeChallengeUITests.release.xcconfig */ = {isa = PBXFileReference; includeInIndex = 1; lastKnownFileType = text.xcconfig; name = "Pods-DavidWeeCodeChallenge-DavidWeeCodeChallengeUITests.release.xcconfig"; path = "Target Support Files/Pods-DavidWeeCodeChallenge-DavidWeeCodeChallengeUITests/Pods-DavidWeeCodeChallenge-DavidWeeCodeChallengeUITests.release.xcconfig"; sourceTree = "<group>"; };
		44884F7C0D0E28F52A6E9ECF /* Pods-DavidWeeCodeChallenge.release.xcconfig */ = {isa = PBXFileReference; includeInIndex = 1; lastKnownFileType = text.xcconfig; name = "Pods-DavidWeeCodeChallenge.release.xcconfig"; path = "Target Support Files/Pods-DavidWeeCodeChallenge/Pods-DavidWeeCodeChallenge.release.xcconfig"; sourceTree = "<group>"; };
		86D7D72F2B961FBA007C4E26 /* String+.swift */ = {isa = PBXFileReference; lastKnownFileType = sourcecode.swift; path = "String+.swift"; sourceTree = "<group>"; };
		86D7D7312B962507007C4E26 /* View+.swift */ = {isa = PBXFileReference; lastKnownFileType = sourcecode.swift; path = "View+.swift"; sourceTree = "<group>"; };
		86D7D7342B963B52007C4E26 /* NetworkMock.swift */ = {isa = PBXFileReference; lastKnownFileType = sourcecode.swift; path = NetworkMock.swift; sourceTree = "<group>"; };
		86D7D7372B963BA1007C4E26 /* image_list_success.json */ = {isa = PBXFileReference; lastKnownFileType = text.json; path = image_list_success.json; sourceTree = "<group>"; };
		86D7D7392B963BB1007C4E26 /* image_list_empty.json */ = {isa = PBXFileReference; lastKnownFileType = text.json; path = image_list_empty.json; sourceTree = "<group>"; };
		86D7D73B2B963BC0007C4E26 /* image_list_failure.json */ = {isa = PBXFileReference; lastKnownFileType = text.json; path = image_list_failure.json; sourceTree = "<group>"; };
		86D83FFA2B92525A002BB44D /* DavidWeeCodeChallenge.app */ = {isa = PBXFileReference; explicitFileType = wrapper.application; includeInIndex = 0; path = DavidWeeCodeChallenge.app; sourceTree = BUILT_PRODUCTS_DIR; };
		86D83FFD2B92525A002BB44D /* DavidWeeCodeChallengeApp.swift */ = {isa = PBXFileReference; lastKnownFileType = sourcecode.swift; path = DavidWeeCodeChallengeApp.swift; sourceTree = "<group>"; };
		86D840012B92525C002BB44D /* Assets.xcassets */ = {isa = PBXFileReference; lastKnownFileType = folder.assetcatalog; path = Assets.xcassets; sourceTree = "<group>"; };
		86D840042B92525C002BB44D /* Preview Assets.xcassets */ = {isa = PBXFileReference; lastKnownFileType = folder.assetcatalog; path = "Preview Assets.xcassets"; sourceTree = "<group>"; };
		86D8400A2B92525D002BB44D /* DavidWeeCodeChallengeTests.xctest */ = {isa = PBXFileReference; explicitFileType = wrapper.cfbundle; includeInIndex = 0; path = DavidWeeCodeChallengeTests.xctest; sourceTree = BUILT_PRODUCTS_DIR; };
		86D8400E2B92525D002BB44D /* DavidWeeCodeChallengeTests.swift */ = {isa = PBXFileReference; lastKnownFileType = sourcecode.swift; path = DavidWeeCodeChallengeTests.swift; sourceTree = "<group>"; };
		86D840142B92525D002BB44D /* DavidWeeCodeChallengeUITests.xctest */ = {isa = PBXFileReference; explicitFileType = wrapper.cfbundle; includeInIndex = 0; path = DavidWeeCodeChallengeUITests.xctest; sourceTree = BUILT_PRODUCTS_DIR; };
		86D840182B92525D002BB44D /* DavidWeeCodeChallengeUITests.swift */ = {isa = PBXFileReference; lastKnownFileType = sourcecode.swift; path = DavidWeeCodeChallengeUITests.swift; sourceTree = "<group>"; };
		86D8401A2B92525D002BB44D /* DavidWeeCodeChallengeUITestsLaunchTests.swift */ = {isa = PBXFileReference; lastKnownFileType = sourcecode.swift; path = DavidWeeCodeChallengeUITestsLaunchTests.swift; sourceTree = "<group>"; };
		86D840282B925290002BB44D /* Network.swift */ = {isa = PBXFileReference; lastKnownFileType = sourcecode.swift; path = Network.swift; sourceTree = "<group>"; };
		86D8402B2B9252BB002BB44D /* Endpoint.swift */ = {isa = PBXFileReference; lastKnownFileType = sourcecode.swift; path = Endpoint.swift; sourceTree = "<group>"; };
		86D8402D2B9252E0002BB44D /* ImageEndpoint.swift */ = {isa = PBXFileReference; lastKnownFileType = sourcecode.swift; path = ImageEndpoint.swift; sourceTree = "<group>"; };
		86D840302B9254B7002BB44D /* Strings.swift */ = {isa = PBXFileReference; lastKnownFileType = sourcecode.swift; path = Strings.swift; sourceTree = "<group>"; };
		86D840322B9254F5002BB44D /* SearchImageViewModel.swift */ = {isa = PBXFileReference; lastKnownFileType = sourcecode.swift; path = SearchImageViewModel.swift; sourceTree = "<group>"; };
		86D840352B925519002BB44D /* SearchImageView.swift */ = {isa = PBXFileReference; lastKnownFileType = sourcecode.swift; path = SearchImageView.swift; sourceTree = "<group>"; };
		86D840382B925819002BB44D /* SearchImage.swift */ = {isa = PBXFileReference; lastKnownFileType = sourcecode.swift; path = SearchImage.swift; sourceTree = "<group>"; };
		86D8403A2B92596C002BB44D /* Media.swift */ = {isa = PBXFileReference; lastKnownFileType = sourcecode.swift; path = Media.swift; sourceTree = "<group>"; };
		86D8403C2B92C31F002BB44D /* FailableDecoadableArray.swift */ = {isa = PBXFileReference; lastKnownFileType = sourcecode.swift; path = FailableDecoadableArray.swift; sourceTree = "<group>"; };
		86D8403E2B92C61B002BB44D /* ViewModifiers.swift */ = {isa = PBXFileReference; lastKnownFileType = sourcecode.swift; path = ViewModifiers.swift; sourceTree = "<group>"; };
		86D840432B95098B002BB44D /* ImageDetailView.swift */ = {isa = PBXFileReference; lastKnownFileType = sourcecode.swift; path = ImageDetailView.swift; sourceTree = "<group>"; };
		BFAE8CED67FD74528F3E2ADD /* Pods-DavidWeeCodeChallengeTests.release.xcconfig */ = {isa = PBXFileReference; includeInIndex = 1; lastKnownFileType = text.xcconfig; name = "Pods-DavidWeeCodeChallengeTests.release.xcconfig"; path = "Target Support Files/Pods-DavidWeeCodeChallengeTests/Pods-DavidWeeCodeChallengeTests.release.xcconfig"; sourceTree = "<group>"; };
		CEEDFB048B79F6BDE62D5A4B /* Pods-DavidWeeCodeChallenge.debug.xcconfig */ = {isa = PBXFileReference; includeInIndex = 1; lastKnownFileType = text.xcconfig; name = "Pods-DavidWeeCodeChallenge.debug.xcconfig"; path = "Target Support Files/Pods-DavidWeeCodeChallenge/Pods-DavidWeeCodeChallenge.debug.xcconfig"; sourceTree = "<group>"; };
		CEFADD0F78307BF5D995EBDD /* Pods-DavidWeeCodeChallenge-DavidWeeCodeChallengeUITests.debug.xcconfig */ = {isa = PBXFileReference; includeInIndex = 1; lastKnownFileType = text.xcconfig; name = "Pods-DavidWeeCodeChallenge-DavidWeeCodeChallengeUITests.debug.xcconfig"; path = "Target Support Files/Pods-DavidWeeCodeChallenge-DavidWeeCodeChallengeUITests/Pods-DavidWeeCodeChallenge-DavidWeeCodeChallengeUITests.debug.xcconfig"; sourceTree = "<group>"; };
		F2C4D3CA3911DEFDC0E7AEEF /* Pods_DavidWeeCodeChallenge_DavidWeeCodeChallengeUITests.framework */ = {isa = PBXFileReference; explicitFileType = wrapper.framework; includeInIndex = 0; path = Pods_DavidWeeCodeChallenge_DavidWeeCodeChallengeUITests.framework; sourceTree = BUILT_PRODUCTS_DIR; };
/* End PBXFileReference section */

/* Begin PBXFrameworksBuildPhase section */
		86D83FF72B92525A002BB44D /* Frameworks */ = {
			isa = PBXFrameworksBuildPhase;
			buildActionMask = 2147483647;
			files = (
				93C556C5E319E1ABDAFC289D /* Pods_DavidWeeCodeChallenge.framework in Frameworks */,
			);
			runOnlyForDeploymentPostprocessing = 0;
		};
		86D840072B92525D002BB44D /* Frameworks */ = {
			isa = PBXFrameworksBuildPhase;
			buildActionMask = 2147483647;
			files = (
				85B9A6A8D6BD8C312DA2D6C3 /* Pods_DavidWeeCodeChallengeTests.framework in Frameworks */,
			);
			runOnlyForDeploymentPostprocessing = 0;
		};
		86D840112B92525D002BB44D /* Frameworks */ = {
			isa = PBXFrameworksBuildPhase;
			buildActionMask = 2147483647;
			files = (
				3B87A0B6B693ADB426C8255B /* Pods_DavidWeeCodeChallenge_DavidWeeCodeChallengeUITests.framework in Frameworks */,
			);
			runOnlyForDeploymentPostprocessing = 0;
		};
/* End PBXFrameworksBuildPhase section */

/* Begin PBXGroup section */
		2137FAAC925C35759EF23077 /* Pods */ = {
			isa = PBXGroup;
			children = (
				CEEDFB048B79F6BDE62D5A4B /* Pods-DavidWeeCodeChallenge.debug.xcconfig */,
				44884F7C0D0E28F52A6E9ECF /* Pods-DavidWeeCodeChallenge.release.xcconfig */,
				CEFADD0F78307BF5D995EBDD /* Pods-DavidWeeCodeChallenge-DavidWeeCodeChallengeUITests.debug.xcconfig */,
				2FDA1DC28E7ECFAF6FCB9748 /* Pods-DavidWeeCodeChallenge-DavidWeeCodeChallengeUITests.release.xcconfig */,
				2B58FB4EBA1409272DDCBB4A /* Pods-DavidWeeCodeChallengeTests.debug.xcconfig */,
				BFAE8CED67FD74528F3E2ADD /* Pods-DavidWeeCodeChallengeTests.release.xcconfig */,
			);
			path = Pods;
			sourceTree = "<group>";
		};
		86D7D72E2B961FAE007C4E26 /* Extensions */ = {
			isa = PBXGroup;
			children = (
				86D7D72F2B961FBA007C4E26 /* String+.swift */,
				86D7D7312B962507007C4E26 /* View+.swift */,
			);
			path = Extensions;
			sourceTree = "<group>";
		};
		86D7D7332B963B34007C4E26 /* MockNetwork */ = {
			isa = PBXGroup;
			children = (
				86D7D7362B963B92007C4E26 /* JSON */,
				86D7D7342B963B52007C4E26 /* NetworkMock.swift */,
			);
			path = MockNetwork;
			sourceTree = "<group>";
		};
		86D7D7362B963B92007C4E26 /* JSON */ = {
			isa = PBXGroup;
			children = (
				86D7D7372B963BA1007C4E26 /* image_list_success.json */,
				86D7D7392B963BB1007C4E26 /* image_list_empty.json */,
				86D7D73B2B963BC0007C4E26 /* image_list_failure.json */,
			);
			path = JSON;
			sourceTree = "<group>";
		};
		86D83FF12B92525A002BB44D = {
			isa = PBXGroup;
			children = (
				86D83FFC2B92525A002BB44D /* DavidWeeCodeChallenge */,
				86D8400D2B92525D002BB44D /* DavidWeeCodeChallengeTests */,
				86D840172B92525D002BB44D /* DavidWeeCodeChallengeUITests */,
				86D83FFB2B92525A002BB44D /* Products */,
				2137FAAC925C35759EF23077 /* Pods */,
				A51166AEC54E449A62D22706 /* Frameworks */,
			);
			sourceTree = "<group>";
		};
		86D83FFB2B92525A002BB44D /* Products */ = {
			isa = PBXGroup;
			children = (
				86D83FFA2B92525A002BB44D /* DavidWeeCodeChallenge.app */,
				86D8400A2B92525D002BB44D /* DavidWeeCodeChallengeTests.xctest */,
				86D840142B92525D002BB44D /* DavidWeeCodeChallengeUITests.xctest */,
			);
			name = Products;
			sourceTree = "<group>";
		};
		86D83FFC2B92525A002BB44D /* DavidWeeCodeChallenge */ = {
			isa = PBXGroup;
			children = (
				86D7D72E2B961FAE007C4E26 /* Extensions */,
				86D840372B925565002BB44D /* Models */,
				86D840272B92526B002BB44D /* API */,
				86D8402F2B9254A4002BB44D /* Common */,
				86D840422B950977002BB44D /* Detail */,
				86D840342B925501002BB44D /* Search */,
				86D83FFD2B92525A002BB44D /* DavidWeeCodeChallengeApp.swift */,
				86D840012B92525C002BB44D /* Assets.xcassets */,
				86D840032B92525C002BB44D /* Preview Content */,
			);
			path = DavidWeeCodeChallenge;
			sourceTree = "<group>";
		};
		86D840032B92525C002BB44D /* Preview Content */ = {
			isa = PBXGroup;
			children = (
				86D840042B92525C002BB44D /* Preview Assets.xcassets */,
			);
			path = "Preview Content";
			sourceTree = "<group>";
		};
		86D8400D2B92525D002BB44D /* DavidWeeCodeChallengeTests */ = {
			isa = PBXGroup;
			children = (
				86D7D7332B963B34007C4E26 /* MockNetwork */,
				86D8400E2B92525D002BB44D /* DavidWeeCodeChallengeTests.swift */,
			);
			path = DavidWeeCodeChallengeTests;
			sourceTree = "<group>";
		};
		86D840172B92525D002BB44D /* DavidWeeCodeChallengeUITests */ = {
			isa = PBXGroup;
			children = (
				86D840182B92525D002BB44D /* DavidWeeCodeChallengeUITests.swift */,
				86D8401A2B92525D002BB44D /* DavidWeeCodeChallengeUITestsLaunchTests.swift */,
			);
			path = DavidWeeCodeChallengeUITests;
			sourceTree = "<group>";
		};
		86D840272B92526B002BB44D /* API */ = {
			isa = PBXGroup;
			children = (
				86D8402A2B9252A1002BB44D /* Endpoints */,
				86D840282B925290002BB44D /* Network.swift */,
			);
			path = API;
			sourceTree = "<group>";
		};
		86D8402A2B9252A1002BB44D /* Endpoints */ = {
			isa = PBXGroup;
			children = (
				86D8402B2B9252BB002BB44D /* Endpoint.swift */,
				86D8402D2B9252E0002BB44D /* ImageEndpoint.swift */,
			);
			path = Endpoints;
			sourceTree = "<group>";
		};
		86D8402F2B9254A4002BB44D /* Common */ = {
			isa = PBXGroup;
			children = (
				86D840302B9254B7002BB44D /* Strings.swift */,
				86D8403E2B92C61B002BB44D /* ViewModifiers.swift */,
			);
			path = Common;
			sourceTree = "<group>";
		};
		86D840342B925501002BB44D /* Search */ = {
			isa = PBXGroup;
			children = (
				86D840322B9254F5002BB44D /* SearchImageViewModel.swift */,
				86D840352B925519002BB44D /* SearchImageView.swift */,
			);
			path = Search;
			sourceTree = "<group>";
		};
		86D840372B925565002BB44D /* Models */ = {
			isa = PBXGroup;
			children = (
				86D840382B925819002BB44D /* SearchImage.swift */,
				86D8403A2B92596C002BB44D /* Media.swift */,
				86D8403C2B92C31F002BB44D /* FailableDecoadableArray.swift */,
			);
			path = Models;
			sourceTree = "<group>";
		};
		86D840422B950977002BB44D /* Detail */ = {
			isa = PBXGroup;
			children = (
				86D840432B95098B002BB44D /* ImageDetailView.swift */,
			);
			path = Detail;
			sourceTree = "<group>";
		};
		A51166AEC54E449A62D22706 /* Frameworks */ = {
			isa = PBXGroup;
			children = (
				1AF9BC1A98A6D344A7C2FE7A /* Pods_DavidWeeCodeChallenge.framework */,
				F2C4D3CA3911DEFDC0E7AEEF /* Pods_DavidWeeCodeChallenge_DavidWeeCodeChallengeUITests.framework */,
				11FE38ADB7A7721A9B32E3EF /* Pods_DavidWeeCodeChallengeTests.framework */,
			);
			name = Frameworks;
			sourceTree = "<group>";
		};
/* End PBXGroup section */

/* Begin PBXNativeTarget section */
		86D83FF92B92525A002BB44D /* DavidWeeCodeChallenge */ = {
			isa = PBXNativeTarget;
			buildConfigurationList = 86D8401E2B92525D002BB44D /* Build configuration list for PBXNativeTarget "DavidWeeCodeChallenge" */;
			buildPhases = (
				BE3B747E83967CEC17BD2B37 /* [CP] Check Pods Manifest.lock */,
				86D83FF62B92525A002BB44D /* Sources */,
				86D83FF72B92525A002BB44D /* Frameworks */,
				86D83FF82B92525A002BB44D /* Resources */,
				0DF9D1D049241C317034C597 /* [CP] Embed Pods Frameworks */,
			);
			buildRules = (
			);
			dependencies = (
			);
			name = DavidWeeCodeChallenge;
			productName = DavidWeeCodeChallenge;
			productReference = 86D83FFA2B92525A002BB44D /* DavidWeeCodeChallenge.app */;
			productType = "com.apple.product-type.application";
		};
		86D840092B92525D002BB44D /* DavidWeeCodeChallengeTests */ = {
			isa = PBXNativeTarget;
			buildConfigurationList = 86D840212B92525D002BB44D /* Build configuration list for PBXNativeTarget "DavidWeeCodeChallengeTests" */;
			buildPhases = (
				45869007F031624086753AF8 /* [CP] Check Pods Manifest.lock */,
				86D840062B92525D002BB44D /* Sources */,
				86D840072B92525D002BB44D /* Frameworks */,
				86D840082B92525D002BB44D /* Resources */,
			);
			buildRules = (
			);
			dependencies = (
				86D8400C2B92525D002BB44D /* PBXTargetDependency */,
			);
			name = DavidWeeCodeChallengeTests;
			productName = DavidWeeCodeChallengeTests;
			productReference = 86D8400A2B92525D002BB44D /* DavidWeeCodeChallengeTests.xctest */;
			productType = "com.apple.product-type.bundle.unit-test";
		};
		86D840132B92525D002BB44D /* DavidWeeCodeChallengeUITests */ = {
			isa = PBXNativeTarget;
			buildConfigurationList = 86D840242B92525D002BB44D /* Build configuration list for PBXNativeTarget "DavidWeeCodeChallengeUITests" */;
			buildPhases = (
				7D27DE672312F3706E7BFDA4 /* [CP] Check Pods Manifest.lock */,
				86D840102B92525D002BB44D /* Sources */,
				86D840112B92525D002BB44D /* Frameworks */,
				86D840122B92525D002BB44D /* Resources */,
				EFF91DC09596D96F8586D29D /* [CP] Embed Pods Frameworks */,
			);
			buildRules = (
			);
			dependencies = (
				86D840162B92525D002BB44D /* PBXTargetDependency */,
			);
			name = DavidWeeCodeChallengeUITests;
			productName = DavidWeeCodeChallengeUITests;
			productReference = 86D840142B92525D002BB44D /* DavidWeeCodeChallengeUITests.xctest */;
			productType = "com.apple.product-type.bundle.ui-testing";
		};
/* End PBXNativeTarget section */

/* Begin PBXProject section */
		86D83FF22B92525A002BB44D /* Project object */ = {
			isa = PBXProject;
			attributes = {
				BuildIndependentTargetsInParallel = 1;
				LastSwiftUpdateCheck = 1520;
				LastUpgradeCheck = 1520;
				TargetAttributes = {
					86D83FF92B92525A002BB44D = {
						CreatedOnToolsVersion = 15.2;
					};
					86D840092B92525D002BB44D = {
						CreatedOnToolsVersion = 15.2;
						TestTargetID = 86D83FF92B92525A002BB44D;
					};
					86D840132B92525D002BB44D = {
						CreatedOnToolsVersion = 15.2;
						TestTargetID = 86D83FF92B92525A002BB44D;
					};
				};
			};
			buildConfigurationList = 86D83FF52B92525A002BB44D /* Build configuration list for PBXProject "DavidWeeCodeChallenge" */;
			compatibilityVersion = "Xcode 14.0";
			developmentRegion = en;
			hasScannedForEncodings = 0;
			knownRegions = (
				en,
				Base,
			);
			mainGroup = 86D83FF12B92525A002BB44D;
			productRefGroup = 86D83FFB2B92525A002BB44D /* Products */;
			projectDirPath = "";
			projectRoot = "";
			targets = (
				86D83FF92B92525A002BB44D /* DavidWeeCodeChallenge */,
				86D840092B92525D002BB44D /* DavidWeeCodeChallengeTests */,
				86D840132B92525D002BB44D /* DavidWeeCodeChallengeUITests */,
			);
		};
/* End PBXProject section */

/* Begin PBXResourcesBuildPhase section */
		86D83FF82B92525A002BB44D /* Resources */ = {
			isa = PBXResourcesBuildPhase;
			buildActionMask = 2147483647;
			files = (
				86D840052B92525C002BB44D /* Preview Assets.xcassets in Resources */,
				86D840022B92525C002BB44D /* Assets.xcassets in Resources */,
			);
			runOnlyForDeploymentPostprocessing = 0;
		};
		86D840082B92525D002BB44D /* Resources */ = {
			isa = PBXResourcesBuildPhase;
			buildActionMask = 2147483647;
			files = (
				86D7D7382B963BA1007C4E26 /* image_list_success.json in Resources */,
				86D7D73C2B963BC0007C4E26 /* image_list_failure.json in Resources */,
				86D7D73A2B963BB1007C4E26 /* image_list_empty.json in Resources */,
			);
			runOnlyForDeploymentPostprocessing = 0;
		};
		86D840122B92525D002BB44D /* Resources */ = {
			isa = PBXResourcesBuildPhase;
			buildActionMask = 2147483647;
			files = (
			);
			runOnlyForDeploymentPostprocessing = 0;
		};
/* End PBXResourcesBuildPhase section */

/* Begin PBXShellScriptBuildPhase section */
		0DF9D1D049241C317034C597 /* [CP] Embed Pods Frameworks */ = {
			isa = PBXShellScriptBuildPhase;
			buildActionMask = 2147483647;
			files = (
			);
			inputFileListPaths = (
				"${PODS_ROOT}/Target Support Files/Pods-DavidWeeCodeChallenge/Pods-DavidWeeCodeChallenge-frameworks-${CONFIGURATION}-input-files.xcfilelist",
			);
			name = "[CP] Embed Pods Frameworks";
			outputFileListPaths = (
				"${PODS_ROOT}/Target Support Files/Pods-DavidWeeCodeChallenge/Pods-DavidWeeCodeChallenge-frameworks-${CONFIGURATION}-output-files.xcfilelist",
			);
			runOnlyForDeploymentPostprocessing = 0;
			shellPath = /bin/sh;
			shellScript = "\"${PODS_ROOT}/Target Support Files/Pods-DavidWeeCodeChallenge/Pods-DavidWeeCodeChallenge-frameworks.sh\"\n";
			showEnvVarsInLog = 0;
		};
		45869007F031624086753AF8 /* [CP] Check Pods Manifest.lock */ = {
			isa = PBXShellScriptBuildPhase;
			buildActionMask = 2147483647;
			files = (
			);
			inputFileListPaths = (
			);
			inputPaths = (
				"${PODS_PODFILE_DIR_PATH}/Podfile.lock",
				"${PODS_ROOT}/Manifest.lock",
			);
			name = "[CP] Check Pods Manifest.lock";
			outputFileListPaths = (
			);
			outputPaths = (
				"$(DERIVED_FILE_DIR)/Pods-DavidWeeCodeChallengeTests-checkManifestLockResult.txt",
			);
			runOnlyForDeploymentPostprocessing = 0;
			shellPath = /bin/sh;
			shellScript = "diff \"${PODS_PODFILE_DIR_PATH}/Podfile.lock\" \"${PODS_ROOT}/Manifest.lock\" > /dev/null\nif [ $? != 0 ] ; then\n    # print error to STDERR\n    echo \"error: The sandbox is not in sync with the Podfile.lock. Run 'pod install' or update your CocoaPods installation.\" >&2\n    exit 1\nfi\n# This output is used by Xcode 'outputs' to avoid re-running this script phase.\necho \"SUCCESS\" > \"${SCRIPT_OUTPUT_FILE_0}\"\n";
			showEnvVarsInLog = 0;
		};
		7D27DE672312F3706E7BFDA4 /* [CP] Check Pods Manifest.lock */ = {
			isa = PBXShellScriptBuildPhase;
			buildActionMask = 2147483647;
			files = (
			);
			inputFileListPaths = (
			);
			inputPaths = (
				"${PODS_PODFILE_DIR_PATH}/Podfile.lock",
				"${PODS_ROOT}/Manifest.lock",
			);
			name = "[CP] Check Pods Manifest.lock";
			outputFileListPaths = (
			);
			outputPaths = (
				"$(DERIVED_FILE_DIR)/Pods-DavidWeeCodeChallenge-DavidWeeCodeChallengeUITests-checkManifestLockResult.txt",
			);
			runOnlyForDeploymentPostprocessing = 0;
			shellPath = /bin/sh;
			shellScript = "diff \"${PODS_PODFILE_DIR_PATH}/Podfile.lock\" \"${PODS_ROOT}/Manifest.lock\" > /dev/null\nif [ $? != 0 ] ; then\n    # print error to STDERR\n    echo \"error: The sandbox is not in sync with the Podfile.lock. Run 'pod install' or update your CocoaPods installation.\" >&2\n    exit 1\nfi\n# This output is used by Xcode 'outputs' to avoid re-running this script phase.\necho \"SUCCESS\" > \"${SCRIPT_OUTPUT_FILE_0}\"\n";
			showEnvVarsInLog = 0;
		};
		BE3B747E83967CEC17BD2B37 /* [CP] Check Pods Manifest.lock */ = {
			isa = PBXShellScriptBuildPhase;
			buildActionMask = 2147483647;
			files = (
			);
			inputFileListPaths = (
			);
			inputPaths = (
				"${PODS_PODFILE_DIR_PATH}/Podfile.lock",
				"${PODS_ROOT}/Manifest.lock",
			);
			name = "[CP] Check Pods Manifest.lock";
			outputFileListPaths = (
			);
			outputPaths = (
				"$(DERIVED_FILE_DIR)/Pods-DavidWeeCodeChallenge-checkManifestLockResult.txt",
			);
			runOnlyForDeploymentPostprocessing = 0;
			shellPath = /bin/sh;
			shellScript = "diff \"${PODS_PODFILE_DIR_PATH}/Podfile.lock\" \"${PODS_ROOT}/Manifest.lock\" > /dev/null\nif [ $? != 0 ] ; then\n    # print error to STDERR\n    echo \"error: The sandbox is not in sync with the Podfile.lock. Run 'pod install' or update your CocoaPods installation.\" >&2\n    exit 1\nfi\n# This output is used by Xcode 'outputs' to avoid re-running this script phase.\necho \"SUCCESS\" > \"${SCRIPT_OUTPUT_FILE_0}\"\n";
			showEnvVarsInLog = 0;
		};
		EFF91DC09596D96F8586D29D /* [CP] Embed Pods Frameworks */ = {
			isa = PBXShellScriptBuildPhase;
			buildActionMask = 2147483647;
			files = (
			);
			inputFileListPaths = (
				"${PODS_ROOT}/Target Support Files/Pods-DavidWeeCodeChallenge-DavidWeeCodeChallengeUITests/Pods-DavidWeeCodeChallenge-DavidWeeCodeChallengeUITests-frameworks-${CONFIGURATION}-input-files.xcfilelist",
			);
			name = "[CP] Embed Pods Frameworks";
			outputFileListPaths = (
				"${PODS_ROOT}/Target Support Files/Pods-DavidWeeCodeChallenge-DavidWeeCodeChallengeUITests/Pods-DavidWeeCodeChallenge-DavidWeeCodeChallengeUITests-frameworks-${CONFIGURATION}-output-files.xcfilelist",
			);
			runOnlyForDeploymentPostprocessing = 0;
			shellPath = /bin/sh;
			shellScript = "\"${PODS_ROOT}/Target Support Files/Pods-DavidWeeCodeChallenge-DavidWeeCodeChallengeUITests/Pods-DavidWeeCodeChallenge-DavidWeeCodeChallengeUITests-frameworks.sh\"\n";
			showEnvVarsInLog = 0;
		};
/* End PBXShellScriptBuildPhase section */

/* Begin PBXSourcesBuildPhase section */
		86D83FF62B92525A002BB44D /* Sources */ = {
			isa = PBXSourcesBuildPhase;
			buildActionMask = 2147483647;
			files = (
				86D83FFE2B92525A002BB44D /* DavidWeeCodeChallengeApp.swift in Sources */,
				86D840332B9254F5002BB44D /* SearchImageViewModel.swift in Sources */,
				86D8402C2B9252BB002BB44D /* Endpoint.swift in Sources */,
				86D8403D2B92C31F002BB44D /* FailableDecoadableArray.swift in Sources */,
				86D7D7322B962507007C4E26 /* View+.swift in Sources */,
				86D8403B2B92596C002BB44D /* Media.swift in Sources */,
				86D840442B95098B002BB44D /* ImageDetailView.swift in Sources */,
				86D840362B925519002BB44D /* SearchImageView.swift in Sources */,
				86D840392B925819002BB44D /* SearchImage.swift in Sources */,
				86D8402E2B9252E0002BB44D /* ImageEndpoint.swift in Sources */,
				86D840312B9254B7002BB44D /* Strings.swift in Sources */,
				86D7D7302B961FBA007C4E26 /* String+.swift in Sources */,
				86D8403F2B92C61B002BB44D /* ViewModifiers.swift in Sources */,
				86D840292B925290002BB44D /* Network.swift in Sources */,
			);
			runOnlyForDeploymentPostprocessing = 0;
		};
		86D840062B92525D002BB44D /* Sources */ = {
			isa = PBXSourcesBuildPhase;
			buildActionMask = 2147483647;
			files = (
				86D7D7352B963B52007C4E26 /* NetworkMock.swift in Sources */,
				86D8400F2B92525D002BB44D /* DavidWeeCodeChallengeTests.swift in Sources */,
			);
			runOnlyForDeploymentPostprocessing = 0;
		};
		86D840102B92525D002BB44D /* Sources */ = {
			isa = PBXSourcesBuildPhase;
			buildActionMask = 2147483647;
			files = (
				86D8401B2B92525D002BB44D /* DavidWeeCodeChallengeUITestsLaunchTests.swift in Sources */,
				86D840192B92525D002BB44D /* DavidWeeCodeChallengeUITests.swift in Sources */,
			);
			runOnlyForDeploymentPostprocessing = 0;
		};
/* End PBXSourcesBuildPhase section */

/* Begin PBXTargetDependency section */
		86D8400C2B92525D002BB44D /* PBXTargetDependency */ = {
			isa = PBXTargetDependency;
			target = 86D83FF92B92525A002BB44D /* DavidWeeCodeChallenge */;
			targetProxy = 86D8400B2B92525D002BB44D /* PBXContainerItemProxy */;
		};
		86D840162B92525D002BB44D /* PBXTargetDependency */ = {
			isa = PBXTargetDependency;
			target = 86D83FF92B92525A002BB44D /* DavidWeeCodeChallenge */;
			targetProxy = 86D840152B92525D002BB44D /* PBXContainerItemProxy */;
		};
/* End PBXTargetDependency section */

/* Begin XCBuildConfiguration section */
		86D8401C2B92525D002BB44D /* Debug */ = {
			isa = XCBuildConfiguration;
			buildSettings = {
				ALWAYS_SEARCH_USER_PATHS = NO;
				ASSETCATALOG_COMPILER_GENERATE_SWIFT_ASSET_SYMBOL_EXTENSIONS = YES;
				CLANG_ANALYZER_NONNULL = YES;
				CLANG_ANALYZER_NUMBER_OBJECT_CONVERSION = YES_AGGRESSIVE;
				CLANG_CXX_LANGUAGE_STANDARD = "gnu++20";
				CLANG_ENABLE_MODULES = YES;
				CLANG_ENABLE_OBJC_ARC = YES;
				CLANG_ENABLE_OBJC_WEAK = YES;
				CLANG_WARN_BLOCK_CAPTURE_AUTORELEASING = YES;
				CLANG_WARN_BOOL_CONVERSION = YES;
				CLANG_WARN_COMMA = YES;
				CLANG_WARN_CONSTANT_CONVERSION = YES;
				CLANG_WARN_DEPRECATED_OBJC_IMPLEMENTATIONS = YES;
				CLANG_WARN_DIRECT_OBJC_ISA_USAGE = YES_ERROR;
				CLANG_WARN_DOCUMENTATION_COMMENTS = YES;
				CLANG_WARN_EMPTY_BODY = YES;
				CLANG_WARN_ENUM_CONVERSION = YES;
				CLANG_WARN_INFINITE_RECURSION = YES;
				CLANG_WARN_INT_CONVERSION = YES;
				CLANG_WARN_NON_LITERAL_NULL_CONVERSION = YES;
				CLANG_WARN_OBJC_IMPLICIT_RETAIN_SELF = YES;
				CLANG_WARN_OBJC_LITERAL_CONVERSION = YES;
				CLANG_WARN_OBJC_ROOT_CLASS = YES_ERROR;
				CLANG_WARN_QUOTED_INCLUDE_IN_FRAMEWORK_HEADER = YES;
				CLANG_WARN_RANGE_LOOP_ANALYSIS = YES;
				CLANG_WARN_STRICT_PROTOTYPES = YES;
				CLANG_WARN_SUSPICIOUS_MOVE = YES;
				CLANG_WARN_UNGUARDED_AVAILABILITY = YES_AGGRESSIVE;
				CLANG_WARN_UNREACHABLE_CODE = YES;
				CLANG_WARN__DUPLICATE_METHOD_MATCH = YES;
				COPY_PHASE_STRIP = NO;
				DEBUG_INFORMATION_FORMAT = dwarf;
				ENABLE_STRICT_OBJC_MSGSEND = YES;
				ENABLE_TESTABILITY = YES;
				ENABLE_USER_SCRIPT_SANDBOXING = YES;
				GCC_C_LANGUAGE_STANDARD = gnu17;
				GCC_DYNAMIC_NO_PIC = NO;
				GCC_NO_COMMON_BLOCKS = YES;
				GCC_OPTIMIZATION_LEVEL = 0;
				GCC_PREPROCESSOR_DEFINITIONS = (
					"DEBUG=1",
					"$(inherited)",
				);
				GCC_WARN_64_TO_32_BIT_CONVERSION = YES;
				GCC_WARN_ABOUT_RETURN_TYPE = YES_ERROR;
				GCC_WARN_UNDECLARED_SELECTOR = YES;
				GCC_WARN_UNINITIALIZED_AUTOS = YES_AGGRESSIVE;
				GCC_WARN_UNUSED_FUNCTION = YES;
				GCC_WARN_UNUSED_VARIABLE = YES;
				IPHONEOS_DEPLOYMENT_TARGET = 17.2;
				LOCALIZATION_PREFERS_STRING_CATALOGS = YES;
				MTL_ENABLE_DEBUG_INFO = INCLUDE_SOURCE;
				MTL_FAST_MATH = YES;
				ONLY_ACTIVE_ARCH = YES;
				SDKROOT = iphoneos;
				SWIFT_ACTIVE_COMPILATION_CONDITIONS = "DEBUG $(inherited)";
				SWIFT_OPTIMIZATION_LEVEL = "-Onone";
			};
			name = Debug;
		};
		86D8401D2B92525D002BB44D /* Release */ = {
			isa = XCBuildConfiguration;
			buildSettings = {
				ALWAYS_SEARCH_USER_PATHS = NO;
				ASSETCATALOG_COMPILER_GENERATE_SWIFT_ASSET_SYMBOL_EXTENSIONS = YES;
				CLANG_ANALYZER_NONNULL = YES;
				CLANG_ANALYZER_NUMBER_OBJECT_CONVERSION = YES_AGGRESSIVE;
				CLANG_CXX_LANGUAGE_STANDARD = "gnu++20";
				CLANG_ENABLE_MODULES = YES;
				CLANG_ENABLE_OBJC_ARC = YES;
				CLANG_ENABLE_OBJC_WEAK = YES;
				CLANG_WARN_BLOCK_CAPTURE_AUTORELEASING = YES;
				CLANG_WARN_BOOL_CONVERSION = YES;
				CLANG_WARN_COMMA = YES;
				CLANG_WARN_CONSTANT_CONVERSION = YES;
				CLANG_WARN_DEPRECATED_OBJC_IMPLEMENTATIONS = YES;
				CLANG_WARN_DIRECT_OBJC_ISA_USAGE = YES_ERROR;
				CLANG_WARN_DOCUMENTATION_COMMENTS = YES;
				CLANG_WARN_EMPTY_BODY = YES;
				CLANG_WARN_ENUM_CONVERSION = YES;
				CLANG_WARN_INFINITE_RECURSION = YES;
				CLANG_WARN_INT_CONVERSION = YES;
				CLANG_WARN_NON_LITERAL_NULL_CONVERSION = YES;
				CLANG_WARN_OBJC_IMPLICIT_RETAIN_SELF = YES;
				CLANG_WARN_OBJC_LITERAL_CONVERSION = YES;
				CLANG_WARN_OBJC_ROOT_CLASS = YES_ERROR;
				CLANG_WARN_QUOTED_INCLUDE_IN_FRAMEWORK_HEADER = YES;
				CLANG_WARN_RANGE_LOOP_ANALYSIS = YES;
				CLANG_WARN_STRICT_PROTOTYPES = YES;
				CLANG_WARN_SUSPICIOUS_MOVE = YES;
				CLANG_WARN_UNGUARDED_AVAILABILITY = YES_AGGRESSIVE;
				CLANG_WARN_UNREACHABLE_CODE = YES;
				CLANG_WARN__DUPLICATE_METHOD_MATCH = YES;
				COPY_PHASE_STRIP = NO;
				DEBUG_INFORMATION_FORMAT = "dwarf-with-dsym";
				ENABLE_NS_ASSERTIONS = NO;
				ENABLE_STRICT_OBJC_MSGSEND = YES;
				ENABLE_USER_SCRIPT_SANDBOXING = YES;
				GCC_C_LANGUAGE_STANDARD = gnu17;
				GCC_NO_COMMON_BLOCKS = YES;
				GCC_WARN_64_TO_32_BIT_CONVERSION = YES;
				GCC_WARN_ABOUT_RETURN_TYPE = YES_ERROR;
				GCC_WARN_UNDECLARED_SELECTOR = YES;
				GCC_WARN_UNINITIALIZED_AUTOS = YES_AGGRESSIVE;
				GCC_WARN_UNUSED_FUNCTION = YES;
				GCC_WARN_UNUSED_VARIABLE = YES;
				IPHONEOS_DEPLOYMENT_TARGET = 17.2;
				LOCALIZATION_PREFERS_STRING_CATALOGS = YES;
				MTL_ENABLE_DEBUG_INFO = NO;
				MTL_FAST_MATH = YES;
				SDKROOT = iphoneos;
				SWIFT_COMPILATION_MODE = wholemodule;
				VALIDATE_PRODUCT = YES;
			};
			name = Release;
		};
		86D8401F2B92525D002BB44D /* Debug */ = {
			isa = XCBuildConfiguration;
			baseConfigurationReference = CEEDFB048B79F6BDE62D5A4B /* Pods-DavidWeeCodeChallenge.debug.xcconfig */;
			buildSettings = {
				ASSETCATALOG_COMPILER_APPICON_NAME = AppIcon;
				ASSETCATALOG_COMPILER_GLOBAL_ACCENT_COLOR_NAME = AccentColor;
				CODE_SIGN_STYLE = Automatic;
				CURRENT_PROJECT_VERSION = 1;
				DEVELOPMENT_ASSET_PATHS = "\"DavidWeeCodeChallenge/Preview Content\"";
				DEVELOPMENT_TEAM = 38D8K7K7BS;
				ENABLE_PREVIEWS = YES;
				ENABLE_USER_SCRIPT_SANDBOXING = NO;
				GENERATE_INFOPLIST_FILE = YES;
				INFOPLIST_KEY_UIApplicationSceneManifest_Generation = YES;
				INFOPLIST_KEY_UIApplicationSupportsIndirectInputEvents = YES;
				INFOPLIST_KEY_UILaunchScreen_Generation = YES;
				INFOPLIST_KEY_UISupportedInterfaceOrientations = "UIInterfaceOrientationLandscapeLeft UIInterfaceOrientationLandscapeRight UIInterfaceOrientationPortrait UIInterfaceOrientationPortraitUpsideDown";
				LD_RUNPATH_SEARCH_PATHS = (
					"$(inherited)",
					"@executable_path/Frameworks",
				);
				MARKETING_VERSION = 1.0;
				PRODUCT_BUNDLE_IDENTIFIER = wee.DavidWeeCodeChallenge;
				PRODUCT_NAME = "$(TARGET_NAME)";
				SWIFT_EMIT_LOC_STRINGS = YES;
				SWIFT_VERSION = 5.0;
				TARGETED_DEVICE_FAMILY = "1,2";
			};
			name = Debug;
		};
		86D840202B92525D002BB44D /* Release */ = {
			isa = XCBuildConfiguration;
			baseConfigurationReference = 44884F7C0D0E28F52A6E9ECF /* Pods-DavidWeeCodeChallenge.release.xcconfig */;
			buildSettings = {
				ASSETCATALOG_COMPILER_APPICON_NAME = AppIcon;
				ASSETCATALOG_COMPILER_GLOBAL_ACCENT_COLOR_NAME = AccentColor;
				CODE_SIGN_STYLE = Automatic;
				CURRENT_PROJECT_VERSION = 1;
				DEVELOPMENT_ASSET_PATHS = "\"DavidWeeCodeChallenge/Preview Content\"";
				DEVELOPMENT_TEAM = 38D8K7K7BS;
				ENABLE_PREVIEWS = YES;
				ENABLE_USER_SCRIPT_SANDBOXING = NO;
				GENERATE_INFOPLIST_FILE = YES;
				INFOPLIST_KEY_UIApplicationSceneManifest_Generation = YES;
				INFOPLIST_KEY_UIApplicationSupportsIndirectInputEvents = YES;
				INFOPLIST_KEY_UILaunchScreen_Generation = YES;
				INFOPLIST_KEY_UISupportedInterfaceOrientations = "UIInterfaceOrientationLandscapeLeft UIInterfaceOrientationLandscapeRight UIInterfaceOrientationPortrait UIInterfaceOrientationPortraitUpsideDown";
				LD_RUNPATH_SEARCH_PATHS = (
					"$(inherited)",
					"@executable_path/Frameworks",
				);
				MARKETING_VERSION = 1.0;
				PRODUCT_BUNDLE_IDENTIFIER = wee.DavidWeeCodeChallenge;
				PRODUCT_NAME = "$(TARGET_NAME)";
				SWIFT_EMIT_LOC_STRINGS = YES;
				SWIFT_VERSION = 5.0;
				TARGETED_DEVICE_FAMILY = "1,2";
			};
			name = Release;
		};
		86D840222B92525D002BB44D /* Debug */ = {
			isa = XCBuildConfiguration;
			baseConfigurationReference = 2B58FB4EBA1409272DDCBB4A /* Pods-DavidWeeCodeChallengeTests.debug.xcconfig */;
			buildSettings = {
				ALWAYS_EMBED_SWIFT_STANDARD_LIBRARIES = YES;
				BUNDLE_LOADER = "$(TEST_HOST)";
				CODE_SIGN_STYLE = Automatic;
				CURRENT_PROJECT_VERSION = 1;
				DEVELOPMENT_TEAM = 38D8K7K7BS;
				ENABLE_USER_SCRIPT_SANDBOXING = NO;
				GENERATE_INFOPLIST_FILE = YES;
				IPHONEOS_DEPLOYMENT_TARGET = 17.2;
				MARKETING_VERSION = 1.0;
				PRODUCT_BUNDLE_IDENTIFIER = wee.DavidWeeCodeChallengeTests;
				PRODUCT_NAME = "$(TARGET_NAME)";
				SWIFT_EMIT_LOC_STRINGS = NO;
				SWIFT_VERSION = 5.0;
				TARGETED_DEVICE_FAMILY = "1,2";
				TEST_HOST = "$(BUILT_PRODUCTS_DIR)/DavidWeeCodeChallenge.app/$(BUNDLE_EXECUTABLE_FOLDER_PATH)/DavidWeeCodeChallenge";
			};
			name = Debug;
		};
		86D840232B92525D002BB44D /* Release */ = {
			isa = XCBuildConfiguration;
			baseConfigurationReference = BFAE8CED67FD74528F3E2ADD /* Pods-DavidWeeCodeChallengeTests.release.xcconfig */;
			buildSettings = {
				ALWAYS_EMBED_SWIFT_STANDARD_LIBRARIES = YES;
				BUNDLE_LOADER = "$(TEST_HOST)";
				CODE_SIGN_STYLE = Automatic;
				CURRENT_PROJECT_VERSION = 1;
				DEVELOPMENT_TEAM = 38D8K7K7BS;
				ENABLE_USER_SCRIPT_SANDBOXING = NO;
				GENERATE_INFOPLIST_FILE = YES;
				IPHONEOS_DEPLOYMENT_TARGET = 17.2;
				MARKETING_VERSION = 1.0;
				PRODUCT_BUNDLE_IDENTIFIER = wee.DavidWeeCodeChallengeTests;
				PRODUCT_NAME = "$(TARGET_NAME)";
				SWIFT_EMIT_LOC_STRINGS = NO;
				SWIFT_VERSION = 5.0;
				TARGETED_DEVICE_FAMILY = "1,2";
				TEST_HOST = "$(BUILT_PRODUCTS_DIR)/DavidWeeCodeChallenge.app/$(BUNDLE_EXECUTABLE_FOLDER_PATH)/DavidWeeCodeChallenge";
			};
			name = Release;
		};
		86D840252B92525D002BB44D /* Debug */ = {
			isa = XCBuildConfiguration;
			baseConfigurationReference = CEFADD0F78307BF5D995EBDD /* Pods-DavidWeeCodeChallenge-DavidWeeCodeChallengeUITests.debug.xcconfig */;
			buildSettings = {
				ALWAYS_EMBED_SWIFT_STANDARD_LIBRARIES = YES;
				CODE_SIGN_STYLE = Automatic;
				CURRENT_PROJECT_VERSION = 1;
				DEVELOPMENT_TEAM = 38D8K7K7BS;
				ENABLE_USER_SCRIPT_SANDBOXING = NO;
				GENERATE_INFOPLIST_FILE = YES;
				MARKETING_VERSION = 1.0;
				PRODUCT_BUNDLE_IDENTIFIER = wee.DavidWeeCodeChallengeUITests;
				PRODUCT_NAME = "$(TARGET_NAME)";
				SWIFT_EMIT_LOC_STRINGS = NO;
				SWIFT_VERSION = 5.0;
				TARGETED_DEVICE_FAMILY = "1,2";
				TEST_TARGET_NAME = DavidWeeCodeChallenge;
			};
			name = Debug;
		};
		86D840262B92525D002BB44D /* Release */ = {
			isa = XCBuildConfiguration;
			baseConfigurationReference = 2FDA1DC28E7ECFAF6FCB9748 /* Pods-DavidWeeCodeChallenge-DavidWeeCodeChallengeUITests.release.xcconfig */;
			buildSettings = {
				ALWAYS_EMBED_SWIFT_STANDARD_LIBRARIES = YES;
				CODE_SIGN_STYLE = Automatic;
				CURRENT_PROJECT_VERSION = 1;
				DEVELOPMENT_TEAM = 38D8K7K7BS;
				ENABLE_USER_SCRIPT_SANDBOXING = NO;
				GENERATE_INFOPLIST_FILE = YES;
				MARKETING_VERSION = 1.0;
				PRODUCT_BUNDLE_IDENTIFIER = wee.DavidWeeCodeChallengeUITests;
				PRODUCT_NAME = "$(TARGET_NAME)";
				SWIFT_EMIT_LOC_STRINGS = NO;
				SWIFT_VERSION = 5.0;
				TARGETED_DEVICE_FAMILY = "1,2";
				TEST_TARGET_NAME = DavidWeeCodeChallenge;
			};
			name = Release;
		};
/* End XCBuildConfiguration section */

/* Begin XCConfigurationList section */
		86D83FF52B92525A002BB44D /* Build configuration list for PBXProject "DavidWeeCodeChallenge" */ = {
			isa = XCConfigurationList;
			buildConfigurations = (
				86D8401C2B92525D002BB44D /* Debug */,
				86D8401D2B92525D002BB44D /* Release */,
			);
			defaultConfigurationIsVisible = 0;
			defaultConfigurationName = Release;
		};
		86D8401E2B92525D002BB44D /* Build configuration list for PBXNativeTarget "DavidWeeCodeChallenge" */ = {
			isa = XCConfigurationList;
			buildConfigurations = (
				86D8401F2B92525D002BB44D /* Debug */,
				86D840202B92525D002BB44D /* Release */,
			);
			defaultConfigurationIsVisible = 0;
			defaultConfigurationName = Release;
		};
		86D840212B92525D002BB44D /* Build configuration list for PBXNativeTarget "DavidWeeCodeChallengeTests" */ = {
			isa = XCConfigurationList;
			buildConfigurations = (
				86D840222B92525D002BB44D /* Debug */,
				86D840232B92525D002BB44D /* Release */,
			);
			defaultConfigurationIsVisible = 0;
			defaultConfigurationName = Release;
		};
		86D840242B92525D002BB44D /* Build configuration list for PBXNativeTarget "DavidWeeCodeChallengeUITests" */ = {
			isa = XCConfigurationList;
			buildConfigurations = (
				86D840252B92525D002BB44D /* Debug */,
				86D840262B92525D002BB44D /* Release */,
			);
			defaultConfigurationIsVisible = 0;
			defaultConfigurationName = Release;
		};
/* End XCConfigurationList section */
	};
	rootObject = 86D83FF22B92525A002BB44D /* Project object */;
}
